
Microsoft Visual Studio Solution File, Format Version 12.00
# Visual Studio Version 17
VisualStudioVersion = 17.4.33403.182
MinimumVisualStudioVersion = 10.0.40219.1
Project("{FAE04EC0-301F-11D3-BF4B-00C04F79EFBC}") = "Popcorn_Pals", "Popcorn_Pals\Popcorn_Pals.csproj", "{1666E540-72F3-46E5-BBE6-15AD3D6379B1}"
EndProject
Global
	GlobalSection(SolutionConfigurationPlatforms) = preSolution
		Debug|Any CPU = Debug|Any CPU
		Release|Any CPU = Release|Any CPU
	EndGlobalSection
	GlobalSection(ProjectConfigurationPlatforms) = postSolution
		{1666E540-72F3-46E5-BBE6-15AD3D6379B1}.Debug|Any CPU.ActiveCfg = Debug|Any CPU
		{1666E540-72F3-46E5-BBE6-15AD3D6379B1}.Debug|Any CPU.Build.0 = Debug|Any CPU
		{1666E540-72F3-46E5-BBE6-15AD3D6379B1}.Release|Any CPU.ActiveCfg = Release|Any CPU
		{1666E540-72F3-46E5-BBE6-15AD3D6379B1}.Release|Any CPU.Build.0 = Release|Any CPU
	EndGlobalSection
	GlobalSection(SolutionProperties) = preSolution
		HideSolutionNode = FALSE
	EndGlobalSection
	GlobalSection(ExtensibilityGlobals) = postSolution
		SolutionGuid = {5D72CDCA-0D42-4EBA-93B9-584547B6D644}
	EndGlobalSection
EndGlobal
